// !$*UTF8*$!
{
	archiveVersion = 1;
	classes = {
	};
	objectVersion = 50;
	objects = {

/* Begin PBXBuildFile section */
		BE6779F022E5ADA300ED6B17 /* AppDelegate.swift in Sources */ = {isa = PBXBuildFile; fileRef = BE6779EF22E5ADA300ED6B17 /* AppDelegate.swift */; };
		BE6779F222E5ADA300ED6B17 /* ViewController.swift in Sources */ = {isa = PBXBuildFile; fileRef = BE6779F122E5ADA300ED6B17 /* ViewController.swift */; };
		BE6779F522E5ADA300ED6B17 /* Main.storyboard in Resources */ = {isa = PBXBuildFile; fileRef = BE6779F322E5ADA300ED6B17 /* Main.storyboard */; };
		BE6779F722E5ADA400ED6B17 /* Assets.xcassets in Resources */ = {isa = PBXBuildFile; fileRef = BE6779F622E5ADA400ED6B17 /* Assets.xcassets */; };
		BE6779FA22E5ADA400ED6B17 /* LaunchScreen.storyboard in Resources */ = {isa = PBXBuildFile; fileRef = BE6779F822E5ADA400ED6B17 /* LaunchScreen.storyboard */; };
		BE677A0322E5AE0E00ED6B17 /* JsonDecorderViewController.swift in Sources */ = {isa = PBXBuildFile; fileRef = BE677A0222E5AE0E00ED6B17 /* JsonDecorderViewController.swift */; };
/* End PBXBuildFile section */

/* Begin PBXFileReference section */
		BE6779EC22E5ADA300ED6B17 /* AllJson.app */ = {isa = PBXFileReference; explicitFileType = wrapper.application; includeInIndex = 0; path = AllJson.app; sourceTree = BUILT_PRODUCTS_DIR; };
		BE6779EF22E5ADA300ED6B17 /* AppDelegate.swift */ = {isa = PBXFileReference; lastKnownFileType = sourcecode.swift; path = AppDelegate.swift; sourceTree = "<group>"; };
		BE6779F122E5ADA300ED6B17 /* ViewController.swift */ = {isa = PBXFileReference; lastKnownFileType = sourcecode.swift; path = ViewController.swift; sourceTree = "<group>"; };
		BE6779F422E5ADA300ED6B17 /* Base */ = {isa = PBXFileReference; lastKnownFileType = file.storyboard; name = Base; path = Base.lproj/Main.storyboard; sourceTree = "<group>"; };
		BE6779F622E5ADA400ED6B17 /* Assets.xcassets */ = {isa = PBXFileReference; lastKnownFileType = folder.assetcatalog; path = Assets.xcassets; sourceTree = "<group>"; };
		BE6779F922E5ADA400ED6B17 /* Base */ = {isa = PBXFileReference; lastKnownFileType = file.storyboard; name = Base; path = Base.lproj/LaunchScreen.storyboard; sourceTree = "<group>"; };
		BE6779FB22E5ADA400ED6B17 /* Info.plist */ = {isa = PBXFileReference; lastKnownFileType = text.plist.xml; path = Info.plist; sourceTree = "<group>"; };
		BE677A0222E5AE0E00ED6B17 /* JsonDecorderViewController.swift */ = {isa = PBXFileReference; lastKnownFileType = sourcecode.swift; path = JsonDecorderViewController.swift; sourceTree = "<group>"; };
/* End PBXFileReference section */

/* Begin PBXFrameworksBuildPhase section */
		BE6779E922E5ADA300ED6B17 /* Frameworks */ = {
			isa = PBXFrameworksBuildPhase;
			buildActionMask = 2147483647;
			files = (
			);
			runOnlyForDeploymentPostprocessing = 0;
		};
/* End PBXFrameworksBuildPhase section */

/* Begin PBXGroup section */
		BE6779E322E5ADA300ED6B17 = {
			isa = PBXGroup;
			children = (
				BE677A0122E5ADB100ED6B17 /* JsonDecorder */,
				BE6779EE22E5ADA300ED6B17 /* AllJson */,
				BE6779ED22E5ADA300ED6B17 /* Products */,
			);
			sourceTree = "<group>";
		};
		BE6779ED22E5ADA300ED6B17 /* Products */ = {
			isa = PBXGroup;
			children = (
				BE6779EC22E5ADA300ED6B17 /* AllJson.app */,
			);
			name = Products;
			sourceTree = "<group>";
		};
		BE6779EE22E5ADA300ED6B17 /* AllJson */ = {
			isa = PBXGroup;
			children = (
				BE6779EF22E5ADA300ED6B17 /* AppDelegate.swift */,
				BE6779F122E5ADA300ED6B17 /* ViewController.swift */,
				BE6779F322E5ADA300ED6B17 /* Main.storyboard */,
				BE6779F622E5ADA400ED6B17 /* Assets.xcassets */,
				BE6779F822E5ADA400ED6B17 /* LaunchScreen.storyboard */,
				BE6779FB22E5ADA400ED6B17 /* Info.plist */,
			);
			path = AllJson;
			sourceTree = "<group>";
		};
		BE677A0122E5ADB100ED6B17 /* JsonDecorder */ = {
			isa = PBXGroup;
			children = (
				BE677A0222E5AE0E00ED6B17 /* JsonDecorderViewController.swift */,
			);
			path = JsonDecorder;
			sourceTree = "<group>";
		};
/* End PBXGroup section */

/* Begin PBXNativeTarget section */
		BE6779EB22E5ADA300ED6B17 /* AllJson */ = {
			isa = PBXNativeTarget;
			buildConfigurationList = BE6779FE22E5ADA400ED6B17 /* Build configuration list for PBXNativeTarget "AllJson" */;
			buildPhases = (
				BE6779E822E5ADA300ED6B17 /* Sources */,
				BE6779E922E5ADA300ED6B17 /* Frameworks */,
				BE6779EA22E5ADA300ED6B17 /* Resources */,
			);
			buildRules = (
			);
			dependencies = (
			);
			name = AllJson;
			productName = AllJson;
			productReference = BE6779EC22E5ADA300ED6B17 /* AllJson.app */;
			productType = "com.apple.product-type.application";
		};
/* End PBXNativeTarget section */

/* Begin PBXProject section */
		BE6779E422E5ADA300ED6B17 /* Project object */ = {
			isa = PBXProject;
			attributes = {
				LastSwiftUpdateCheck = 1020;
				LastUpgradeCheck = 1020;
				ORGANIZATIONNAME = "Md Khaled Hasan Manna";
				TargetAttributes = {
					BE6779EB22E5ADA300ED6B17 = {
						CreatedOnToolsVersion = 10.2.1;
					};
				};
			};
			buildConfigurationList = BE6779E722E5ADA300ED6B17 /* Build configuration list for PBXProject "AllJson" */;
			compatibilityVersion = "Xcode 9.3";
			developmentRegion = en;
			hasScannedForEncodings = 0;
			knownRegions = (
				en,
				Base,
			);
			mainGroup = BE6779E322E5ADA300ED6B17;
			productRefGroup = BE6779ED22E5ADA300ED6B17 /* Products */;
			projectDirPath = "";
			projectRoot = "";
			targets = (
				BE6779EB22E5ADA300ED6B17 /* AllJson */,
			);
		};
/* End PBXProject section */

/* Begin PBXResourcesBuildPhase section */
		BE6779EA22E5ADA300ED6B17 /* Resources */ = {
			isa = PBXResourcesBuildPhase;
			buildActionMask = 2147483647;
			files = (
				BE6779FA22E5ADA400ED6B17 /* LaunchScreen.storyboard in Resources */,
				BE6779F722E5ADA400ED6B17 /* Assets.xcassets in Resources */,
				BE6779F522E5ADA300ED6B17 /* Main.storyboard in Resources */,
			);
			runOnlyForDeploymentPostprocessing = 0;
		};
/* End PBXResourcesBuildPhase section */

/* Begin PBXSourcesBuildPhase section */
		BE6779E822E5ADA300ED6B17 /* Sources */ = {
			isa = PBXSourcesBuildPhase;
			buildActionMask = 2147483647;
			files = (
				BE677A0322E5AE0E00ED6B17 /* JsonDecorderViewController.swift in Sources */,
				BE6779F222E5ADA300ED6B17 /* ViewController.swift in Sources */,
				BE6779F022E5ADA300ED6B17 /* AppDelegate.swift in Sources */,
			);
			runOnlyForDeploymentPostprocessing = 0;
		};
/* End PBXSourcesBuildPhase section */

/* Begin PBXVariantGroup section */
		BE6779F322E5ADA300ED6B17 /* Main.storyboard */ = {
			isa = PBXVariantGroup;
			children = (
				BE6779F422E5ADA300ED6B17 /* Base */,
			);
			name = Main.storyboard;
			sourceTree = "<group>";
		};
		BE6779F822E5ADA400ED6B17 /* LaunchScreen.storyboard */ = {
			isa = PBXVariantGroup;
			children = (
				BE6779F922E5ADA400ED6B17 /* Base */,
			);
			name = LaunchScreen.storyboard;
			sourceTree = "<group>";
		};
/* End PBXVariantGroup section */

/* Begin XCBuildConfiguration section */
		BE6779FC22E5ADA400ED6B17 /* Debug */ = {
			isa = XCBuildConfiguration;
			buildSettings = {
				ALWAYS_SEARCH_USER_PATHS = NO;
				CLANG_ANALYZER_NONNULL = YES;
				CLANG_ANALYZER_NUMBER_OBJECT_CONVERSION = YES_AGGRESSIVE;
				CLANG_CXX_LANGUAGE_STANDARD = "gnu++14";
				CLANG_CXX_LIBRARY = "libc++";
				CLANG_ENABLE_MODULES = YES;
				CLANG_ENABLE_OBJC_ARC = YES;
				CLANG_ENABLE_OBJC_WEAK = YES;
				CLANG_WARN_BLOCK_CAPTURE_AUTORELEASING = YES;
				CLANG_WARN_BOOL_CONVERSION = YES;
				CLANG_WARN_COMMA = YES;
				CLANG_WARN_CONSTANT_CONVERSION = YES;
				CLANG_WARN_DEPRECATED_OBJC_IMPLEMENTATIONS = YES;
				CLANG_WARN_DIRECT_OBJC_ISA_USAGE = YES_ERROR;
				CLANG_WARN_DOCUMENTATION_COMMENTS = YES;
				CLANG_WARN_EMPTY_BODY = YES;
				CLANG_WARN_ENUM_CONVERSION = YES;
				CLANG_WARN_INFINITE_RECURSION = YES;
				CLANG_WARN_INT_CONVERSION = YES;
				CLANG_WARN_NON_LITERAL_NULL_CONVERSION = YES;
				CLANG_WARN_OBJC_IMPLICIT_RETAIN_SELF = YES;
				CLANG_WARN_OBJC_LITERAL_CONVERSION = YES;
				CLANG_WARN_OBJC_ROOT_CLASS = YES_ERROR;
				CLANG_WARN_RANGE_LOOP_ANALYSIS = YES;
				CLANG_WARN_STRICT_PROTOTYPES = YES;
				CLANG_WARN_SUSPICIOUS_MOVE = YES;
				CLANG_WARN_UNGUARDED_AVAILABILITY = YES_AGGRESSIVE;
				CLANG_WARN_UNREACHABLE_CODE = YES;
				CLANG_WARN__DUPLICATE_METHOD_MATCH = YES;
				CODE_SIGN_IDENTITY = "iPhone Developer";
				COPY_PHASE_STRIP = NO;
				DEBUG_INFORMATION_FORMAT = dwarf;
				ENABLE_STRICT_OBJC_MSGSEND = YES;
				ENABLE_TESTABILITY = YES;
				GCC_C_LANGUAGE_STANDARD = gnu11;
				GCC_DYNAMIC_NO_PIC = NO;
				GCC_NO_COMMON_BLOCKS = YES;
				GCC_OPTIMIZATION_LEVEL = 0;
				GCC_PREPROCESSOR_DEFINITIONS = (
					"DEBUG=1",
					"$(inherited)",
				);
				GCC_WARN_64_TO_32_BIT_CONVERSION = YES;
				GCC_WARN_ABOUT_RETURN_TYPE = YES_ERROR;
				GCC_WARN_UNDECLARED_SELECTOR = YES;
				GCC_WARN_UNINITIALIZED_AUTOS = YES_AGGRESSIVE;
				GCC_WARN_UNUSED_FUNCTION = YES;
				GCC_WARN_UNUSED_VARIABLE = YES;
				IPHONEOS_DEPLOYMENT_TARGET = 12.2;
				MTL_ENABLE_DEBUG_INFO = INCLUDE_SOURCE;
				MTL_FAST_MATH = YES;
				ONLY_ACTIVE_ARCH = YES;
				SDKROOT = iphoneos;
				SWIFT_ACTIVE_COMPILATION_CONDITIONS = DEBUG;
				SWIFT_OPTIMIZATION_LEVEL = "-Onone";
			};
			name = Debug;
		};
		BE6779FD22E5ADA400ED6B17 /* Release */ = {
			isa = XCBuildConfiguration;
			buildSettings = {
				ALWAYS_SEARCH_USER_PATHS = NO;
				CLANG_ANALYZER_NONNULL = YES;
				CLANG_ANALYZER_NUMBER_OBJECT_CONVERSION = YES_AGGRESSIVE;
				CLANG_CXX_LANGUAGE_STANDARD = "gnu++14";
				CLANG_CXX_LIBRARY = "libc++";
				CLANG_ENABLE_MODULES = YES;
				CLANG_ENABLE_OBJC_ARC = YES;
				CLANG_ENABLE_OBJC_WEAK = YES;
				CLANG_WARN_BLOCK_CAPTURE_AUTORELEASING = YES;
				CLANG_WARN_BOOL_CONVERSION = YES;
				CLANG_WARN_COMMA = YES;
				CLANG_WARN_CONSTANT_CONVERSION = YES;
				CLANG_WARN_DEPRECATED_OBJC_IMPLEMENTATIONS = YES;
				CLANG_WARN_DIRECT_OBJC_ISA_USAGE = YES_ERROR;
				CLANG_WARN_DOCUMENTATION_COMMENTS = YES;
				CLANG_WARN_EMPTY_BODY = YES;
				CLANG_WARN_ENUM_CONVERSION = YES;
				CLANG_WARN_INFINITE_RECURSION = YES;
				CLANG_WARN_INT_CONVERSION = YES;
				CLANG_WARN_NON_LITERAL_NULL_CONVERSION = YES;
				CLANG_WARN_OBJC_IMPLICIT_RETAIN_SELF = YES;
				CLANG_WARN_OBJC_LITERAL_CONVERSION = YES;
				CLANG_WARN_OBJC_ROOT_CLASS = YES_ERROR;
				CLANG_WARN_RANGE_LOOP_ANALYSIS = YES;
				CLANG_WARN_STRICT_PROTOTYPES = YES;
				CLANG_WARN_SUSPICIOUS_MOVE = YES;
				CLANG_WARN_UNGUARDED_AVAILABILITY = YES_AGGRESSIVE;
				CLANG_WARN_UNREACHABLE_CODE = YES;
				CLANG_WARN__DUPLICATE_METHOD_MATCH = YES;
				CODE_SIGN_IDENTITY = "iPhone Developer";
				COPY_PHASE_STRIP = NO;
				DEBUG_INFORMATION_FORMAT = "dwarf-with-dsym";
				ENABLE_NS_ASSERTIONS = NO;
				ENABLE_STRICT_OBJC_MSGSEND = YES;
				GCC_C_LANGUAGE_STANDARD = gnu11;
				GCC_NO_COMMON_BLOCKS = YES;
				GCC_WARN_64_TO_32_BIT_CONVERSION = YES;
				GCC_WARN_ABOUT_RETURN_TYPE = YES_ERROR;
				GCC_WARN_UNDECLARED_SELECTOR = YES;
				GCC_WARN_UNINITIALIZED_AUTOS = YES_AGGRESSIVE;
				GCC_WARN_UNUSED_FUNCTION = YES;
				GCC_WARN_UNUSED_VARIABLE = YES;
				IPHONEOS_DEPLOYMENT_TARGET = 12.2;
				MTL_ENABLE_DEBUG_INFO = NO;
				MTL_FAST_MATH = YES;
				SDKROOT = iphoneos;
				SWIFT_COMPILATION_MODE = wholemodule;
				SWIFT_OPTIMIZATION_LEVEL = "-O";
				VALIDATE_PRODUCT = YES;
			};
			name = Release;
		};
		BE6779FF22E5ADA400ED6B17 /* Debug */ = {
			isa = XCBuildConfiguration;
			buildSettings = {
				ASSETCATALOG_COMPILER_APPICON_NAME = AppIcon;
				CODE_SIGN_STYLE = Automatic;
				INFOPLIST_FILE = AllJson/Info.plist;
				LD_RUNPATH_SEARCH_PATHS = (
					"$(inherited)",
					"@executable_path/Frameworks",
				);
				PRODUCT_BUNDLE_IDENTIFIER = com.mCubeS.AllJson;
				PRODUCT_NAME = "$(TARGET_NAME)";
				SWIFT_VERSION = 5.0;
				TARGETED_DEVICE_FAMILY = "1,2";
			};
			name = Debug;
		};
		BE677A0022E5ADA400ED6B17 /* Release */ = {
			isa = XCBuildConfiguration;
			buildSettings = {
				ASSETCATALOG_COMPILER_APPICON_NAME = AppIcon;
				CODE_SIGN_STYLE = Automatic;
				INFOPLIST_FILE = AllJson/Info.plist;
				LD_RUNPATH_SEARCH_PATHS = (
					"$(inherited)",
					"@executable_path/Frameworks",
				);
				PRODUCT_BUNDLE_IDENTIFIER = com.mCubeS.AllJson;
				PRODUCT_NAME = "$(TARGET_NAME)";
				SWIFT_VERSION = 5.0;
				TARGETED_DEVICE_FAMILY = "1,2";
			};
			name = Release;
		};
/* End XCBuildConfiguration section */

/* Begin XCConfigurationList section */
		BE6779E722E5ADA300ED6B17 /* Build configuration list for PBXProject "AllJson" */ = {
			isa = XCConfigurationList;
			buildConfigurations = (
				BE6779FC22E5ADA400ED6B17 /* Debug */,
				BE6779FD22E5ADA400ED6B17 /* Release */,
			);
			defaultConfigurationIsVisible = 0;
			defaultConfigurationName = Release;
		};
		BE6779FE22E5ADA400ED6B17 /* Build configuration list for PBXNativeTarget "AllJson" */ = {
			isa = XCConfigurationList;
			buildConfigurations = (
				BE6779FF22E5ADA400ED6B17 /* Debug */,
				BE677A0022E5ADA400ED6B17 /* Release */,
			);
			defaultConfigurationIsVisible = 0;
			defaultConfigurationName = Release;
		};
/* End XCConfigurationList section */
	};
	rootObject = BE6779E422E5ADA300ED6B17 /* Project object */;
}
